
Microsoft Visual Studio Solution File, Format Version 12.00
# Visual Studio Version 17
VisualStudioVersion = 17.10.35122.118
MinimumVisualStudioVersion = 10.0.40219.1
Project("{9A19103F-16F7-4668-BE54-9A1E7A4F7556}") = "BlazorSignalRChat", "BlazorSignalRChat\BlazorSignalRChat\BlazorSignalRChat.csproj", "{10A8F8D7-B67A-4C75-AD8E-058EE1DED63F}"
EndProject
Project("{9A19103F-16F7-4668-BE54-9A1E7A4F7556}") = "BlazorSignalRChat.Client", "BlazorSignalRChat\BlazorSignalRChat.Client\BlazorSignalRChat.Client.csproj", "{6CC4AD72-ED32-4A95-9B83-FAA250927CA5}"
EndProject
Project("{9A19103F-16F7-4668-BE54-9A1E7A4F7556}") = "BlazorSignalRChat.Share", "BlazorSignalRChat.Share\BlazorSignalRChat.Share.csproj", "{17E22674-ABD9-4515-B2CA-B1B735EA3640}"
EndProject
Global
	GlobalSection(SolutionConfigurationPlatforms) = preSolution
		Debug|Any CPU = Debug|Any CPU
		Release|Any CPU = Release|Any CPU
	EndGlobalSection
	GlobalSection(ProjectConfigurationPlatforms) = postSolution
		{10A8F8D7-B67A-4C75-AD8E-058EE1DED63F}.Debug|Any CPU.ActiveCfg = Debug|Any CPU
		{10A8F8D7-B67A-4C75-AD8E-058EE1DED63F}.Debug|Any CPU.Build.0 = Debug|Any CPU
		{10A8F8D7-B67A-4C75-AD8E-058EE1DED63F}.Release|Any CPU.ActiveCfg = Release|Any CPU
		{10A8F8D7-B67A-4C75-AD8E-058EE1DED63F}.Release|Any CPU.Build.0 = Release|Any CPU
		{6CC4AD72-ED32-4A95-9B83-FAA250927CA5}.Debug|Any CPU.ActiveCfg = Debug|Any CPU
		{6CC4AD72-ED32-4A95-9B83-FAA250927CA5}.Debug|Any CPU.Build.0 = Debug|Any CPU
		{6CC4AD72-ED32-4A95-9B83-FAA250927CA5}.Release|Any CPU.ActiveCfg = Release|Any CPU
		{6CC4AD72-ED32-4A95-9B83-FAA250927CA5}.Release|Any CPU.Build.0 = Release|Any CPU
		{17E22674-ABD9-4515-B2CA-B1B735EA3640}.Debug|Any CPU.ActiveCfg = Debug|Any CPU
		{17E22674-ABD9-4515-B2CA-B1B735EA3640}.Debug|Any CPU.Build.0 = Debug|Any CPU
		{17E22674-ABD9-4515-B2CA-B1B735EA3640}.Release|Any CPU.ActiveCfg = Release|Any CPU
		{17E22674-ABD9-4515-B2CA-B1B735EA3640}.Release|Any CPU.Build.0 = Release|Any CPU
	EndGlobalSection
	GlobalSection(SolutionProperties) = preSolution
		HideSolutionNode = FALSE
	EndGlobalSection
	GlobalSection(ExtensibilityGlobals) = postSolution
		SolutionGuid = {3AD5FF83-64FC-491C-A188-38614427637E}
	EndGlobalSection
EndGlobal
